{
  "name": "openseadragon-annotations",
  "version": "1.0.5",
  "lockfileVersion": 1,
  "requires": true,
  "dependencies": {
    "openseadragon": {
      "version": "2.3.1",
      "resolved": "https://registry.npmjs.org/openseadragon/-/openseadragon-2.3.1.tgz",
      "integrity": "sha1-79z+4Z2LPEbQDX992nh8cFf2g2Q="
    }
  }
}
